
Microsoft Visual Studio Solution File, Format Version 12.00
# Visual Studio 15
VisualStudioVersion = 15.0.27130.2026
MinimumVisualStudioVersion = 10.0.40219.1
Project("{E24C65DC-7377-472B-9ABA-BC803B73C61A}") = "Intro", "Intro\", "{10105C03-F1AA-4CEC-BA26-BF40043FA0A4}"
	ProjectSection(WebsiteProperties) = preProject
		TargetFrameworkMoniker = ".NETFramework,Version%3Dv4.0"
		Debug.AspNetCompiler.VirtualPath = "/localhost_58449"
		Debug.AspNetCompiler.PhysicalPath = "Intro\"
		Debug.AspNetCompiler.TargetPath = "PrecompiledWeb\localhost_58449\"
		Debug.AspNetCompiler.Updateable = "true"
		Debug.AspNetCompiler.ForceOverwrite = "true"
		Debug.AspNetCompiler.FixedNames = "false"
		Debug.AspNetCompiler.Debug = "True"
		Release.AspNetCompiler.VirtualPath = "/localhost_58449"
		Release.AspNetCompiler.PhysicalPath = "Intro\"
		Release.AspNetCompiler.TargetPath = "PrecompiledWeb\localhost_58449\"
		Release.AspNetCompiler.Updateable = "true"
		Release.AspNetCompiler.ForceOverwrite = "true"
		Release.AspNetCompiler.FixedNames = "false"
		Release.AspNetCompiler.Debug = "False"
		VWDPort = "58449"
		SlnRelativePath = "Intro\"
		DefaultWebSiteLanguage = "Visual Basic"
	EndProjectSection
EndProject
Global
	GlobalSection(SolutionConfigurationPlatforms) = preSolution
		Debug|Any CPU = Debug|Any CPU
	EndGlobalSection
	GlobalSection(ProjectConfigurationPlatforms) = postSolution
		{10105C03-F1AA-4CEC-BA26-BF40043FA0A4}.Debug|Any CPU.ActiveCfg = Debug|Any CPU
		{10105C03-F1AA-4CEC-BA26-BF40043FA0A4}.Debug|Any CPU.Build.0 = Debug|Any CPU
	EndGlobalSection
	GlobalSection(SolutionProperties) = preSolution
		HideSolutionNode = FALSE
	EndGlobalSection
	GlobalSection(ExtensibilityGlobals) = postSolution
		SolutionGuid = {08F29058-E3B3-4B53-AD74-E423816E9EA8}
	EndGlobalSection
EndGlobal
